
Microsoft Visual Studio Solution File, Format Version 12.00
# Visual Studio Version 16
VisualStudioVersion = 16.0.29509.3
MinimumVisualStudioVersion = 10.0.40219.1
Project("{9A19103F-16F7-4668-BE54-9A1E7A4F7556}") = "SplitPhase", "SplitPhase\SplitPhase.csproj", "{967B141D-F96F-43AF-9A31-1E5063FFA2A0}"
EndProject
Project("{2150E333-8FDC-42A3-9474-1A3956D46DE8}") = "Tests", "Tests", "{390C0213-05BE-4FEE-8CE6-29B1A2D26B06}"
EndProject
Project("{9A19103F-16F7-4668-BE54-9A1E7A4F7556}") = "SplitPhaseTests", "Tests\SplitPhaseTests\SplitPhaseTests.csproj", "{388CAD0E-4BAA-4345-8FEB-18BC13A72983}"
EndProject
Project("{2150E333-8FDC-42A3-9474-1A3956D46DE8}") = "Day 1", "Day 1", "{C4158DBC-C486-4D3D-AAA4-D34964FAB930}"
EndProject
Project("{9A19103F-16F7-4668-BE54-9A1E7A4F7556}") = "ReplaceConditionalWithPolymorphism", "ReplaceConditionalWithPolymorphism\ReplaceConditionalWithPolymorphism.csproj", "{DD5D1840-FC60-4796-A460-9A9322BDAFF1}"
EndProject
Project("{9A19103F-16F7-4668-BE54-9A1E7A4F7556}") = "ReplaceConditionalWithPolymorphismTests", "Tests\ReplaceConditionalWithPolymorphismTests\ReplaceConditionalWithPolymorphismTests.csproj", "{CD8D08BC-2CF8-4659-A750-8B7CE1B64085}"
EndProject
Project("{9A19103F-16F7-4668-BE54-9A1E7A4F7556}") = "ReplaceLoopWithPipeline", "ReplaceLoopWithPipeline\ReplaceLoopWithPipeline.csproj", "{736E33BA-CCED-4E89-B1EC-FF7E4C75F8CC}"
EndProject
Project("{9A19103F-16F7-4668-BE54-9A1E7A4F7556}") = "ReplaceLoopWithPipelineTests", "Tests\ReplaceLoopWithPipelineTests\ReplaceLoopWithPipelineTests.csproj", "{9259DE99-5CFD-41DD-BC5D-ED9A7BACD563}"
EndProject
Project("{9A19103F-16F7-4668-BE54-9A1E7A4F7556}") = "SplitLoop", "SplitLoop\SplitLoop.csproj", "{1DD48CBF-6EAF-48CF-A5DC-D324B7C7D1AF}"
EndProject
Project("{9A19103F-16F7-4668-BE54-9A1E7A4F7556}") = "SplitLoopTests", "Tests\SplitLoopTests\SplitLoopTests.csproj", "{FF8804D7-370C-4914-963A-723B123E5CF9}"
EndProject
Project("{9A19103F-16F7-4668-BE54-9A1E7A4F7556}") = "ExtractAndRename", "ExtractAndRename\ExtractAndRename.csproj", "{3EC6839C-51C3-49CE-8BA1-F363FEBDD9AA}"
EndProject
Project("{9A19103F-16F7-4668-BE54-9A1E7A4F7556}") = "ExtractAndRenameTests", "Tests\ExtractAndRenameTests\ExtractAndRenameTests.csproj", "{2E3DE8D7-EA7C-4792-AD99-9ABE86D0F190}"
EndProject
Project("{9A19103F-16F7-4668-BE54-9A1E7A4F7556}") = "MoveAndSlide", "MoveAndSlide\MoveAndSlide.csproj", "{758A6545-F0DA-406D-AF6E-80BE43BCA8FD}"
EndProject
Project("{9A19103F-16F7-4668-BE54-9A1E7A4F7556}") = "MoveAndSlideTests", "Tests\MoveAndSlideTests\MoveAndSlideTests.csproj", "{BEDE1E15-7D95-4838-A3C4-3A0E4C6439B7}"
EndProject
Project("{2150E333-8FDC-42A3-9474-1A3956D46DE8}") = "Day 2", "Day 2", "{DC9D3FFF-B935-4453-8A14-954D6C033BA1}"
EndProject
Project("{2150E333-8FDC-42A3-9474-1A3956D46DE8}") = "Tests", "Tests", "{76414E9C-162C-4094-ABB8-E47C9E78397C}"
EndProject
Project("{FAE04EC0-301F-11D3-BF4B-00C04F79EFBC}") = "ParameterizeConstructor", "ParameterizeConstructor\ParameterizeConstructor.csproj", "{A7920B74-7BE4-4743-A1BB-79FF79F36FC5}"
EndProject
Project("{FAE04EC0-301F-11D3-BF4B-00C04F79EFBC}") = "ParameterizeConstructorTests", "Tests\ParameterizeConstructorTests\ParameterizeConstructorTests.csproj", "{E7EBC12B-BECA-4E03-BAD7-1BCF75E8DF47}"
EndProject
Project("{FAE04EC0-301F-11D3-BF4B-00C04F79EFBC}") = "ReplaceGlobalReference", "ReplaceGlobalReference\ReplaceGlobalReference.csproj", "{AE7EFA70-958C-4FA5-8161-66A0FD648E32}"
EndProject
Project("{2150E333-8FDC-42A3-9474-1A3956D46DE8}") = "ExternalAPI", "ExternalAPI", "{0E47C244-8FEA-4660-AB30-C722476F78E7}"
EndProject
Project("{FAE04EC0-301F-11D3-BF4B-00C04F79EFBC}") = "CommonObjects", "External\CommonObjects\CommonObjects.csproj", "{DFE1936A-6398-4033-AB14-58FCB501FCE0}"
EndProject
Project("{FAE04EC0-301F-11D3-BF4B-00C04F79EFBC}") = "ReplaceGlobalReferenceTests", "Tests\ReplaceGlobalReferenceTests\ReplaceGlobalReferenceTests.csproj", "{CAC3303C-A2EF-42F0-B084-6877A5F9451B}"
EndProject
Global
	GlobalSection(SolutionConfigurationPlatforms) = preSolution
		Debug|Any CPU = Debug|Any CPU
		Release|Any CPU = Release|Any CPU
	EndGlobalSection
	GlobalSection(ProjectConfigurationPlatforms) = postSolution
		{967B141D-F96F-43AF-9A31-1E5063FFA2A0}.Debug|Any CPU.ActiveCfg = Debug|Any CPU
		{967B141D-F96F-43AF-9A31-1E5063FFA2A0}.Debug|Any CPU.Build.0 = Debug|Any CPU
		{967B141D-F96F-43AF-9A31-1E5063FFA2A0}.Release|Any CPU.ActiveCfg = Release|Any CPU
		{967B141D-F96F-43AF-9A31-1E5063FFA2A0}.Release|Any CPU.Build.0 = Release|Any CPU
		{388CAD0E-4BAA-4345-8FEB-18BC13A72983}.Debug|Any CPU.ActiveCfg = Debug|Any CPU
		{388CAD0E-4BAA-4345-8FEB-18BC13A72983}.Debug|Any CPU.Build.0 = Debug|Any CPU
		{388CAD0E-4BAA-4345-8FEB-18BC13A72983}.Release|Any CPU.ActiveCfg = Release|Any CPU
		{388CAD0E-4BAA-4345-8FEB-18BC13A72983}.Release|Any CPU.Build.0 = Release|Any CPU
		{DD5D1840-FC60-4796-A460-9A9322BDAFF1}.Debug|Any CPU.ActiveCfg = Debug|Any CPU
		{DD5D1840-FC60-4796-A460-9A9322BDAFF1}.Debug|Any CPU.Build.0 = Debug|Any CPU
		{DD5D1840-FC60-4796-A460-9A9322BDAFF1}.Release|Any CPU.ActiveCfg = Release|Any CPU
		{DD5D1840-FC60-4796-A460-9A9322BDAFF1}.Release|Any CPU.Build.0 = Release|Any CPU
		{CD8D08BC-2CF8-4659-A750-8B7CE1B64085}.Debug|Any CPU.ActiveCfg = Debug|Any CPU
		{CD8D08BC-2CF8-4659-A750-8B7CE1B64085}.Debug|Any CPU.Build.0 = Debug|Any CPU
		{CD8D08BC-2CF8-4659-A750-8B7CE1B64085}.Release|Any CPU.ActiveCfg = Release|Any CPU
		{CD8D08BC-2CF8-4659-A750-8B7CE1B64085}.Release|Any CPU.Build.0 = Release|Any CPU
		{736E33BA-CCED-4E89-B1EC-FF7E4C75F8CC}.Debug|Any CPU.ActiveCfg = Debug|Any CPU
		{736E33BA-CCED-4E89-B1EC-FF7E4C75F8CC}.Debug|Any CPU.Build.0 = Debug|Any CPU
		{736E33BA-CCED-4E89-B1EC-FF7E4C75F8CC}.Release|Any CPU.ActiveCfg = Release|Any CPU
		{736E33BA-CCED-4E89-B1EC-FF7E4C75F8CC}.Release|Any CPU.Build.0 = Release|Any CPU
		{9259DE99-5CFD-41DD-BC5D-ED9A7BACD563}.Debug|Any CPU.ActiveCfg = Debug|Any CPU
		{9259DE99-5CFD-41DD-BC5D-ED9A7BACD563}.Debug|Any CPU.Build.0 = Debug|Any CPU
		{9259DE99-5CFD-41DD-BC5D-ED9A7BACD563}.Release|Any CPU.ActiveCfg = Release|Any CPU
		{9259DE99-5CFD-41DD-BC5D-ED9A7BACD563}.Release|Any CPU.Build.0 = Release|Any CPU
		{1DD48CBF-6EAF-48CF-A5DC-D324B7C7D1AF}.Debug|Any CPU.ActiveCfg = Debug|Any CPU
		{1DD48CBF-6EAF-48CF-A5DC-D324B7C7D1AF}.Debug|Any CPU.Build.0 = Debug|Any CPU
		{1DD48CBF-6EAF-48CF-A5DC-D324B7C7D1AF}.Release|Any CPU.ActiveCfg = Release|Any CPU
		{1DD48CBF-6EAF-48CF-A5DC-D324B7C7D1AF}.Release|Any CPU.Build.0 = Release|Any CPU
		{FF8804D7-370C-4914-963A-723B123E5CF9}.Debug|Any CPU.ActiveCfg = Debug|Any CPU
		{FF8804D7-370C-4914-963A-723B123E5CF9}.Debug|Any CPU.Build.0 = Debug|Any CPU
		{FF8804D7-370C-4914-963A-723B123E5CF9}.Release|Any CPU.ActiveCfg = Release|Any CPU
		{FF8804D7-370C-4914-963A-723B123E5CF9}.Release|Any CPU.Build.0 = Release|Any CPU
		{3EC6839C-51C3-49CE-8BA1-F363FEBDD9AA}.Debug|Any CPU.ActiveCfg = Debug|Any CPU
		{3EC6839C-51C3-49CE-8BA1-F363FEBDD9AA}.Debug|Any CPU.Build.0 = Debug|Any CPU
		{3EC6839C-51C3-49CE-8BA1-F363FEBDD9AA}.Release|Any CPU.ActiveCfg = Release|Any CPU
		{3EC6839C-51C3-49CE-8BA1-F363FEBDD9AA}.Release|Any CPU.Build.0 = Release|Any CPU
		{2E3DE8D7-EA7C-4792-AD99-9ABE86D0F190}.Debug|Any CPU.ActiveCfg = Debug|Any CPU
		{2E3DE8D7-EA7C-4792-AD99-9ABE86D0F190}.Debug|Any CPU.Build.0 = Debug|Any CPU
		{2E3DE8D7-EA7C-4792-AD99-9ABE86D0F190}.Release|Any CPU.ActiveCfg = Release|Any CPU
		{2E3DE8D7-EA7C-4792-AD99-9ABE86D0F190}.Release|Any CPU.Build.0 = Release|Any CPU
		{758A6545-F0DA-406D-AF6E-80BE43BCA8FD}.Debug|Any CPU.ActiveCfg = Debug|Any CPU
		{758A6545-F0DA-406D-AF6E-80BE43BCA8FD}.Debug|Any CPU.Build.0 = Debug|Any CPU
		{758A6545-F0DA-406D-AF6E-80BE43BCA8FD}.Release|Any CPU.ActiveCfg = Release|Any CPU
		{758A6545-F0DA-406D-AF6E-80BE43BCA8FD}.Release|Any CPU.Build.0 = Release|Any CPU
		{BEDE1E15-7D95-4838-A3C4-3A0E4C6439B7}.Debug|Any CPU.ActiveCfg = Debug|Any CPU
		{BEDE1E15-7D95-4838-A3C4-3A0E4C6439B7}.Debug|Any CPU.Build.0 = Debug|Any CPU
		{BEDE1E15-7D95-4838-A3C4-3A0E4C6439B7}.Release|Any CPU.ActiveCfg = Release|Any CPU
		{BEDE1E15-7D95-4838-A3C4-3A0E4C6439B7}.Release|Any CPU.Build.0 = Release|Any CPU
		{A7920B74-7BE4-4743-A1BB-79FF79F36FC5}.Debug|Any CPU.ActiveCfg = Debug|Any CPU
		{A7920B74-7BE4-4743-A1BB-79FF79F36FC5}.Debug|Any CPU.Build.0 = Debug|Any CPU
		{A7920B74-7BE4-4743-A1BB-79FF79F36FC5}.Release|Any CPU.ActiveCfg = Release|Any CPU
		{A7920B74-7BE4-4743-A1BB-79FF79F36FC5}.Release|Any CPU.Build.0 = Release|Any CPU
		{E7EBC12B-BECA-4E03-BAD7-1BCF75E8DF47}.Debug|Any CPU.ActiveCfg = Debug|Any CPU
		{E7EBC12B-BECA-4E03-BAD7-1BCF75E8DF47}.Debug|Any CPU.Build.0 = Debug|Any CPU
		{E7EBC12B-BECA-4E03-BAD7-1BCF75E8DF47}.Release|Any CPU.ActiveCfg = Release|Any CPU
		{E7EBC12B-BECA-4E03-BAD7-1BCF75E8DF47}.Release|Any CPU.Build.0 = Release|Any CPU
		{AE7EFA70-958C-4FA5-8161-66A0FD648E32}.Debug|Any CPU.ActiveCfg = Debug|Any CPU
		{AE7EFA70-958C-4FA5-8161-66A0FD648E32}.Debug|Any CPU.Build.0 = Debug|Any CPU
		{AE7EFA70-958C-4FA5-8161-66A0FD648E32}.Release|Any CPU.ActiveCfg = Release|Any CPU
		{AE7EFA70-958C-4FA5-8161-66A0FD648E32}.Release|Any CPU.Build.0 = Release|Any CPU
		{DFE1936A-6398-4033-AB14-58FCB501FCE0}.Debug|Any CPU.ActiveCfg = Debug|Any CPU
		{DFE1936A-6398-4033-AB14-58FCB501FCE0}.Debug|Any CPU.Build.0 = Debug|Any CPU
		{DFE1936A-6398-4033-AB14-58FCB501FCE0}.Release|Any CPU.ActiveCfg = Release|Any CPU
		{DFE1936A-6398-4033-AB14-58FCB501FCE0}.Release|Any CPU.Build.0 = Release|Any CPU
		{CAC3303C-A2EF-42F0-B084-6877A5F9451B}.Debug|Any CPU.ActiveCfg = Debug|Any CPU
		{CAC3303C-A2EF-42F0-B084-6877A5F9451B}.Debug|Any CPU.Build.0 = Debug|Any CPU
		{CAC3303C-A2EF-42F0-B084-6877A5F9451B}.Release|Any CPU.ActiveCfg = Release|Any CPU
		{CAC3303C-A2EF-42F0-B084-6877A5F9451B}.Release|Any CPU.Build.0 = Release|Any CPU
	EndGlobalSection
	GlobalSection(SolutionProperties) = preSolution
		HideSolutionNode = FALSE
	EndGlobalSection
	GlobalSection(NestedProjects) = preSolution
		{967B141D-F96F-43AF-9A31-1E5063FFA2A0} = {C4158DBC-C486-4D3D-AAA4-D34964FAB930}
		{390C0213-05BE-4FEE-8CE6-29B1A2D26B06} = {C4158DBC-C486-4D3D-AAA4-D34964FAB930}
		{388CAD0E-4BAA-4345-8FEB-18BC13A72983} = {390C0213-05BE-4FEE-8CE6-29B1A2D26B06}
		{DD5D1840-FC60-4796-A460-9A9322BDAFF1} = {C4158DBC-C486-4D3D-AAA4-D34964FAB930}
		{CD8D08BC-2CF8-4659-A750-8B7CE1B64085} = {390C0213-05BE-4FEE-8CE6-29B1A2D26B06}
		{736E33BA-CCED-4E89-B1EC-FF7E4C75F8CC} = {C4158DBC-C486-4D3D-AAA4-D34964FAB930}
		{9259DE99-5CFD-41DD-BC5D-ED9A7BACD563} = {390C0213-05BE-4FEE-8CE6-29B1A2D26B06}
		{1DD48CBF-6EAF-48CF-A5DC-D324B7C7D1AF} = {C4158DBC-C486-4D3D-AAA4-D34964FAB930}
		{FF8804D7-370C-4914-963A-723B123E5CF9} = {390C0213-05BE-4FEE-8CE6-29B1A2D26B06}
		{3EC6839C-51C3-49CE-8BA1-F363FEBDD9AA} = {C4158DBC-C486-4D3D-AAA4-D34964FAB930}
		{2E3DE8D7-EA7C-4792-AD99-9ABE86D0F190} = {390C0213-05BE-4FEE-8CE6-29B1A2D26B06}
		{758A6545-F0DA-406D-AF6E-80BE43BCA8FD} = {C4158DBC-C486-4D3D-AAA4-D34964FAB930}
		{BEDE1E15-7D95-4838-A3C4-3A0E4C6439B7} = {390C0213-05BE-4FEE-8CE6-29B1A2D26B06}
		{76414E9C-162C-4094-ABB8-E47C9E78397C} = {DC9D3FFF-B935-4453-8A14-954D6C033BA1}
		{A7920B74-7BE4-4743-A1BB-79FF79F36FC5} = {DC9D3FFF-B935-4453-8A14-954D6C033BA1}
		{E7EBC12B-BECA-4E03-BAD7-1BCF75E8DF47} = {76414E9C-162C-4094-ABB8-E47C9E78397C}
		{AE7EFA70-958C-4FA5-8161-66A0FD648E32} = {DC9D3FFF-B935-4453-8A14-954D6C033BA1}
		{0E47C244-8FEA-4660-AB30-C722476F78E7} = {DC9D3FFF-B935-4453-8A14-954D6C033BA1}
		{DFE1936A-6398-4033-AB14-58FCB501FCE0} = {0E47C244-8FEA-4660-AB30-C722476F78E7}
		{CAC3303C-A2EF-42F0-B084-6877A5F9451B} = {76414E9C-162C-4094-ABB8-E47C9E78397C}
	EndGlobalSection
	GlobalSection(ExtensibilityGlobals) = postSolution
		SolutionGuid = {14716A14-D4D3-4F86-ACCA-80777A692904}
	EndGlobalSection
EndGlobal
